
Microsoft Visual Studio Solution File, Format Version 12.00
# Visual Studio 15
Project("{FAE04EC0-301F-11D3-BF4B-00C04F79EFBC}") = "Assembly-CSharp", "Assembly-CSharp.csproj", "{736C4CDB-2FEE-7484-F8FE-81754459AFFD}"
EndProject
Global
	GlobalSection(SolutionConfigurationPlatforms) = preSolution
		Debug|Any CPU = Debug|Any CPU
		Release|Any CPU = Release|Any CPU
	EndGlobalSection
	GlobalSection(ProjectConfigurationPlatforms) = postSolution
		{736C4CDB-2FEE-7484-F8FE-81754459AFFD}.Debug|Any CPU.ActiveCfg = Debug|Any CPU
		{736C4CDB-2FEE-7484-F8FE-81754459AFFD}.Debug|Any CPU.Build.0 = Debug|Any CPU
		{736C4CDB-2FEE-7484-F8FE-81754459AFFD}.Release|Any CPU.ActiveCfg = Release|Any CPU
		{736C4CDB-2FEE-7484-F8FE-81754459AFFD}.Release|Any CPU.Build.0 = Release|Any CPU
	EndGlobalSection
	GlobalSection(SolutionProperties) = preSolution
		HideSolutionNode = FALSE
	EndGlobalSection
EndGlobal
